
Microsoft Visual Studio Solution File, Format Version 12.00
# Visual Studio Version 17
VisualStudioVersion = 17.14.36603.0 d17.14
MinimumVisualStudioVersion = 10.0.40219.1
Project("{FAE04EC0-301F-11D3-BF4B-00C04F79EFBC}") = "ejrcicioTelegramaASA2", "ejrcicioTelegramaASA2\ejrcicioTelegramaASA2.csproj", "{D54A0333-09BD-40CA-B640-798DE1002A8D}"
EndProject
Global
	GlobalSection(SolutionConfigurationPlatforms) = preSolution
		Debug|Any CPU = Debug|Any CPU
		Release|Any CPU = Release|Any CPU
	EndGlobalSection
	GlobalSection(ProjectConfigurationPlatforms) = postSolution
		{D54A0333-09BD-40CA-B640-798DE1002A8D}.Debug|Any CPU.ActiveCfg = Debug|Any CPU
		{D54A0333-09BD-40CA-B640-798DE1002A8D}.Debug|Any CPU.Build.0 = Debug|Any CPU
		{D54A0333-09BD-40CA-B640-798DE1002A8D}.Release|Any CPU.ActiveCfg = Release|Any CPU
		{D54A0333-09BD-40CA-B640-798DE1002A8D}.Release|Any CPU.Build.0 = Release|Any CPU
	EndGlobalSection
	GlobalSection(SolutionProperties) = preSolution
		HideSolutionNode = FALSE
	EndGlobalSection
	GlobalSection(ExtensibilityGlobals) = postSolution
		SolutionGuid = {B825F00B-6A50-4025-99AA-09B309290076}
	EndGlobalSection
EndGlobal
